<?xml version="1.0" encoding="utf-8"?><WorkWithObjectsConfig xmlns:xsi="http://www.w3.org/2001/XMLSchema-instance" xmlns:xsd="http://www.w3.org/2001/XMLSchema"><Pattern>sdcome</Pattern><Type>*All</Type><ShowAll>false</ShowAll><WSObjectsNames /><WSObjectsTypes /><ShowMore>false</ShowMore><Category>*ALL</Category><Parent /><ModifiedBy>false</ModifiedBy><Search /><UserName /><DateTypeFilter /><DateFilter>0001-01-01T00:00:00</DateFilter><ColumnNameSize>248</ColumnNameSize><ColumnTypeSize>91</ColumnTypeSize><ColumnDescriptionSize>291</ColumnDescriptionSize><ColumnDateSize>17</ColumnDateSize><ColumnUserSize>8</ColumnUserSize><ColumnImportDateSize>8</ColumnImportDateSize><ColumnSpecifiedDateSize>8</ColumnSpecifiedDateSize><FormWidth>782</FormWidth><FormHeigth>603</FormHeigth></WorkWithObjectsConfig>